
Microsoft Visual Studio Solution File, Format Version 12.00
# Visual Studio Version 16
VisualStudioVersion = 16.0.32929.386
MinimumVisualStudioVersion = 10.0.40219.1
Project("{FAE04EC0-301F-11D3-BF4B-00C04F79EFBC}") = "trial_03", "trial_03\trial_03.csproj", "{3532F058-56CC-4449-89FC-B8988B277DCF}"
EndProject
Global
	GlobalSection(SolutionConfigurationPlatforms) = preSolution
		Debug|Any CPU = Debug|Any CPU
		Release|Any CPU = Release|Any CPU
	EndGlobalSection
	GlobalSection(ProjectConfigurationPlatforms) = postSolution
		{3532F058-56CC-4449-89FC-B8988B277DCF}.Debug|Any CPU.ActiveCfg = Debug|Any CPU
		{3532F058-56CC-4449-89FC-B8988B277DCF}.Debug|Any CPU.Build.0 = Debug|Any CPU
		{3532F058-56CC-4449-89FC-B8988B277DCF}.Release|Any CPU.ActiveCfg = Release|Any CPU
		{3532F058-56CC-4449-89FC-B8988B277DCF}.Release|Any CPU.Build.0 = Release|Any CPU
	EndGlobalSection
	GlobalSection(SolutionProperties) = preSolution
		HideSolutionNode = FALSE
	EndGlobalSection
	GlobalSection(ExtensibilityGlobals) = postSolution
		SolutionGuid = {1869370B-4C72-48D4-B551-600202FC1997}
	EndGlobalSection
EndGlobal
